# @generated - this file is auto-generated by `mise lock` https://mise.en.dev/dev-tools/mise-lock.html

[[tools.bun]]
version = "1.3.5"
backend = "core:bun"

[tools.bun."platforms.linux-arm64"]
checksum = "sha256:ed01000f85bd97785228ad2845dc92a1860b8054856826d7317690ac8f8ee74b"
url = "https://github.com/oven-sh/bun/releases/download/bun-v1.3.5/bun-linux-aarch64.zip"

[tools.bun."platforms.linux-arm64-musl"]
checksum = "sha256:980b567beeca875b79776d60a35b178309583df3f0973b3bae62f7244dc486ad"
url = "https://github.com/oven-sh/bun/releases/download/bun-v1.3.5/bun-linux-aarch64-musl.zip"

[tools.bun."platforms.linux-x64"]
checksum = "sha256:7051d86a924aefea3e0b96213b5fd8f79c0793f9cae6534233e627e5c3db4669"
url = "https://github.com/oven-sh/bun/releases/download/bun-v1.3.5/bun-linux-x64.zip"

[tools.bun."platforms.linux-x64-baseline"]
checksum = "sha256:6bddacd6a65855698b9816f2d74871eda4dd0b7fa921140c6445248f94a742fd"
url = "https://github.com/oven-sh/bun/releases/download/bun-v1.3.5/bun-linux-x64-baseline.zip"

[tools.bun."platforms.linux-x64-musl"]
checksum = "sha256:720d88e0e5f40450a1da91c0226f626b156eaa224876d794fa95f6ebf74f46b6"
url = "https://github.com/oven-sh/bun/releases/download/bun-v1.3.5/bun-linux-x64-musl.zip"

[tools.bun."platforms.linux-x64-musl-baseline"]
checksum = "sha256:57997319f8b9f72ce137363c3dfcd8d401327925108bb30dc5c3257452fba524"
url = "https://github.com/oven-sh/bun/releases/download/bun-v1.3.5/bun-linux-x64-musl-baseline.zip"

[tools.bun."platforms.macos-arm64"]
checksum = "sha256:db17588a4aea8804856825d4bead3f05e1f37276ca606f37e369b4f72f35d3fb"
url = "https://github.com/oven-sh/bun/releases/download/bun-v1.3.5/bun-darwin-aarch64.zip"

[tools.bun."platforms.macos-x64"]
checksum = "sha256:f5ffc03030fe527a86295fb5852bb08c5e99b707560011d1d509ab028902bf29"
url = "https://github.com/oven-sh/bun/releases/download/bun-v1.3.5/bun-darwin-x64.zip"

[tools.bun."platforms.macos-x64-baseline"]
checksum = "sha256:34b9a56b851058dafa1bc9d61233f2c383aa996889bba30b3180f5ccc2cff1b2"
url = "https://github.com/oven-sh/bun/releases/download/bun-v1.3.5/bun-darwin-x64-baseline.zip"

[tools.bun."platforms.windows-x64"]
checksum = "sha256:922cffdd5143cd118c6ccec6a61dfcf5d69e0068b048ea00f0a0615016530082"
url = "https://github.com/oven-sh/bun/releases/download/bun-v1.3.5/bun-windows-x64.zip"

[tools.bun."platforms.windows-x64-baseline"]
checksum = "sha256:bf447dcc3b06aba9b9706a9db46fcd65e06a4d47d31439922313825d06eb47ca"
url = "https://github.com/oven-sh/bun/releases/download/bun-v1.3.5/bun-windows-x64-baseline.zip"

[[tools.codex]]
version = "0.118.0"
backend = "aqua:openai/codex"

[[tools.crush]]
version = "0.43.4"
backend = "aqua:charmbracelet/crush"

[[tools.dotenvx]]
version = "1.51.4"
backend = "aqua:dotenvx/dotenvx"

[[tools.duckdb]]
version = "1.4.4"
backend = "aqua:duckdb/duckdb"

[[tools.fd]]
version = "10.3.0"
backend = "aqua:sharkdp/fd"

[[tools.gemini-cli]]
version = "0.30.0"
backend = "npm:@google/gemini-cli"

[tools.gemini-cli.options]
allow_builds = '["@github/keytar", "node-pty"]'

[[tools.ghq]]
version = "1.9.4"
backend = "aqua:x-motemen/ghq"

[tools.ghq."platforms.linux-arm64"]
checksum = "sha256:9952724ef1369d9f3fc8cc566a7dedfc8770f56015d5f751e4d6d69a8aa0a07e"
url = "https://github.com/x-motemen/ghq/releases/download/v1.9.4/ghq_linux_arm64.zip"

[tools.ghq."platforms.linux-x64"]
checksum = "sha256:33752b7c4fea9751c6d3fa092ea6fb33c3671cde641f20dd7f8328a3a9e240b3"
url = "https://github.com/x-motemen/ghq/releases/download/v1.9.4/ghq_linux_amd64.zip"

[tools.ghq."platforms.macos-arm64"]
checksum = "sha256:4f778cacf48f41bf5ba7af8dd011d3af874f585b447a925c4b389ce724e0335c"
url = "https://github.com/x-motemen/ghq/releases/download/v1.9.4/ghq_darwin_arm64.zip"

[tools.ghq."platforms.macos-x64"]
checksum = "sha256:8adeacc4f9db32bd362bbb6923cc330cff691faa85d60d084f8a9677f91d032a"
url = "https://github.com/x-motemen/ghq/releases/download/v1.9.4/ghq_darwin_amd64.zip"

[tools.ghq."platforms.windows-x64"]
checksum = "sha256:4b7adbbfd2c3b74ef01739aad053aa4952cd5f1b0520450c2dcd2dccc502c58b"
url = "https://github.com/x-motemen/ghq/releases/download/v1.9.4/ghq_windows_amd64.zip"

[[tools."github:anomalyco/opencode"]]
version = "1.3.0"
backend = "github:anomalyco/opencode"

[tools."github:anomalyco/opencode"."platforms.linux-arm64"]
checksum = "sha256:9edb4995cf38b76e1456cf1da3f4ced864249cc25683239e15e14302c173400c"
url = "https://github.com/anomalyco/opencode/releases/download/v1.3.0/opencode-linux-arm64.tar.gz"
url_api = "https://api.github.com/repos/anomalyco/opencode/releases/assets/379334593"

[tools."github:anomalyco/opencode"."platforms.linux-x64"]
checksum = "sha256:68a66c4e99c80fa3ea374e82baf63f5514118bd30640cd8cb179d611cfe0a2e4"
url = "https://github.com/anomalyco/opencode/releases/download/v1.3.0/opencode-linux-x64-baseline.tar.gz"
url_api = "https://api.github.com/repos/anomalyco/opencode/releases/assets/379334612"

[tools."github:anomalyco/opencode"."platforms.macos-arm64"]
checksum = "sha256:009a2884730549f2b8eea70553e6aafaa5d2e1c70a2bec114251fadc66651ac5"
url = "https://github.com/anomalyco/opencode/releases/download/v1.3.0/opencode-desktop-darwin-aarch64.app.tar.gz"
url_api = "https://api.github.com/repos/anomalyco/opencode/releases/assets/379337995"

[tools."github:anomalyco/opencode"."platforms.macos-x64"]
checksum = "sha256:845525d2227b9c060330c534b1e4878e203d7162929607c31a96ffdbff08da0b"
url = "https://github.com/anomalyco/opencode/releases/download/v1.3.0/opencode-desktop-darwin-x64.app.tar.gz"
url_api = "https://api.github.com/repos/anomalyco/opencode/releases/assets/379337098"

[tools."github:anomalyco/opencode"."platforms.windows-x64"]
checksum = "sha256:e78706f60b31e4cbd90a4d32e3cc71bf42a45c2e755b56fcbb99930abd63333b"
url = "https://github.com/anomalyco/opencode/releases/download/v1.3.0/opencode-windows-x64-baseline.zip"
url_api = "https://api.github.com/repos/anomalyco/opencode/releases/assets/379334581"

[[tools."github:k1LoW/git-wt"]]
version = "0.25.0"
backend = "github:k1LoW/git-wt"

[tools."github:k1LoW/git-wt"."platforms.linux-arm64"]
checksum = "sha256:7cac03d1123c943833388cfd104eed2fa36cc76ae0afca7442480d3f827176cc"
url = "https://github.com/k1LoW/git-wt/releases/download/v0.25.0/git-wt_v0.25.0_linux_arm64.tar.gz"
url_api = "https://api.github.com/repos/k1LoW/git-wt/releases/assets/358868521"

[tools."github:k1LoW/git-wt"."platforms.linux-x64"]
checksum = "sha256:3d2740c22f7b0ddd469425d3656166c169bd5338688a05572e29d1399e1a945a"
url = "https://github.com/k1LoW/git-wt/releases/download/v0.25.0/git-wt_v0.25.0_linux_amd64.tar.gz"
url_api = "https://api.github.com/repos/k1LoW/git-wt/releases/assets/358868511"

[tools."github:k1LoW/git-wt"."platforms.macos-arm64"]
checksum = "sha256:5c7fa79fe9c52a2617de86f8f2d5b8eb43056c4c7bcd9341f5b44d90a70c7ca4"
url = "https://github.com/k1LoW/git-wt/releases/download/v0.25.0/git-wt_v0.25.0_darwin_arm64.zip"
url_api = "https://api.github.com/repos/k1LoW/git-wt/releases/assets/358868522"

[tools."github:k1LoW/git-wt"."platforms.macos-x64"]
checksum = "sha256:d2d387c5dbafd46d90de7a6906d1ee3df3acfa83c8c9c7a945db63d4e6e0f044"
url = "https://github.com/k1LoW/git-wt/releases/download/v0.25.0/git-wt_v0.25.0_darwin_amd64.zip"
url_api = "https://api.github.com/repos/k1LoW/git-wt/releases/assets/358868514"

[tools."github:k1LoW/git-wt"."platforms.windows-x64"]
checksum = "sha256:57d283a4ef580bb2f03aa1616ba04b8fe9e3f7cb8c1ccc59de3ceb94805efc8a"
url = "https://github.com/k1LoW/git-wt/releases/download/v0.25.0/git-wt_v0.25.0_windows_amd64.tar.gz"
url_api = "https://api.github.com/repos/k1LoW/git-wt/releases/assets/358868512"

[[tools."github:k1LoW/mo"]]
version = "0.19.0"
backend = "github:k1LoW/mo"

[tools."github:k1LoW/mo"."platforms.linux-arm64"]
checksum = "sha256:f300711a038e4883b86d9e1add99d71982cca8d3bb63ddb156f889b9c5b5e229"
url = "https://github.com/k1LoW/mo/releases/download/v0.19.0/mo_v0.19.0_linux_arm64.tar.gz"
url_api = "https://api.github.com/repos/k1LoW/mo/releases/assets/376262585"

[tools."github:k1LoW/mo"."platforms.linux-x64"]
checksum = "sha256:fcc439883e08813efe471e3e833ae1448edbc37becf40c59999268e0099aba83"
url = "https://github.com/k1LoW/mo/releases/download/v0.19.0/mo_v0.19.0_linux_amd64.tar.gz"
url_api = "https://api.github.com/repos/k1LoW/mo/releases/assets/376262596"

[tools."github:k1LoW/mo"."platforms.macos-arm64"]
checksum = "sha256:7222c6e7ca776117739189ac7da59103c3b44080a2e22064ed86d3d34b3be62d"
url = "https://github.com/k1LoW/mo/releases/download/v0.19.0/mo_v0.19.0_darwin_arm64.zip"
url_api = "https://api.github.com/repos/k1LoW/mo/releases/assets/376262594"

[tools."github:k1LoW/mo"."platforms.macos-x64"]
checksum = "sha256:6f40aee276089dcee7dd4fc810740fb962267e620d6f9068ddd08a68a338af0f"
url = "https://github.com/k1LoW/mo/releases/download/v0.19.0/mo_v0.19.0_darwin_amd64.zip"
url_api = "https://api.github.com/repos/k1LoW/mo/releases/assets/376262586"

[tools."github:k1LoW/mo"."platforms.windows-x64"]
checksum = "sha256:683b21167972c2bf03227a376ff900c112a2fe109f937d283776895693283e8a"
url = "https://github.com/k1LoW/mo/releases/download/v0.19.0/mo_v0.19.0_windows_amd64.tar.gz"
url_api = "https://api.github.com/repos/k1LoW/mo/releases/assets/376262587"

[[tools."github:tokuhirom/ashron"]]
version = "2026.309.0"
backend = "github:tokuhirom/ashron"

[tools."github:tokuhirom/ashron"."platforms.linux-arm64"]
checksum = "sha256:16bdea1ed37a3f7daca2c0d10f9173a19c1b9097651267f98c926f1e08d628c6"
url = "https://github.com/tokuhirom/ashron/releases/download/v2026.309.0/ashron_2026.309.0_linux_arm64.tar.gz"
url_api = "https://api.github.com/repos/tokuhirom/ashron/releases/assets/369715105"

[tools."github:tokuhirom/ashron"."platforms.linux-x64"]
checksum = "sha256:36a1376a2099417b4cfac7d37b7fc7757ea9ff6c2de4b110f7d22f5fc8a68f03"
url = "https://github.com/tokuhirom/ashron/releases/download/v2026.309.0/ashron_2026.309.0_linux_amd64.tar.gz"
url_api = "https://api.github.com/repos/tokuhirom/ashron/releases/assets/369715102"

[tools."github:tokuhirom/ashron"."platforms.macos-arm64"]
checksum = "sha256:126cd411a76874b7d3ea887c76f271bb6c7174dfb39d61a48971992c5286fa61"
url = "https://github.com/tokuhirom/ashron/releases/download/v2026.309.0/ashron_2026.309.0_darwin_arm64.tar.gz"
url_api = "https://api.github.com/repos/tokuhirom/ashron/releases/assets/369715071"

[tools."github:tokuhirom/ashron"."platforms.macos-x64"]
checksum = "sha256:cca434c06c662fb01452f7bdcc7342817bce1ac72b0c4b4cc26a1daa11bb34ac"
url = "https://github.com/tokuhirom/ashron/releases/download/v2026.309.0/ashron_2026.309.0_darwin_amd64.tar.gz"
url_api = "https://api.github.com/repos/tokuhirom/ashron/releases/assets/369715106"

[tools."github:tokuhirom/ashron"."platforms.windows-x64"]
checksum = "sha256:59a5d469220fd8bdf8b80607ae95ebec2eb89d4cb3bf2373fac5bab5c5cd86e7"
url = "https://github.com/tokuhirom/ashron/releases/download/v2026.309.0/ashron_2026.309.0_windows_amd64.zip"
url_api = "https://api.github.com/repos/tokuhirom/ashron/releases/assets/369715069"

[[tools."github:yagi-agent/yagi"]]
version = "0.0.44"
backend = "github:yagi-agent/yagi"

[tools."github:yagi-agent/yagi"."platforms.linux-arm64"]
checksum = "sha256:55abaea559856a5d7cd4614e0b44534af42c09254b5a6fbda4fb37bb920155fd"
url = "https://github.com/yagi-agent/yagi/releases/download/v0.0.44/yagi_v0.0.44_linux_arm64.tar.gz"
url_api = "https://api.github.com/repos/yagi-agent/yagi/releases/assets/368046174"

[tools."github:yagi-agent/yagi"."platforms.linux-x64"]
checksum = "sha256:a1d667735be8fbd6aeef0bc17fe564b01e94076a44842b86c74fa6b426abe055"
url = "https://github.com/yagi-agent/yagi/releases/download/v0.0.44/yagi_v0.0.44_linux_amd64.tar.gz"
url_api = "https://api.github.com/repos/yagi-agent/yagi/releases/assets/368046176"

[tools."github:yagi-agent/yagi"."platforms.macos-arm64"]
checksum = "sha256:bdd3c88d1bafcb6f7b6e0ace76339d0f97f2ae37ac81e032e51bec0deba17c28"
url = "https://github.com/yagi-agent/yagi/releases/download/v0.0.44/yagi_v0.0.44_darwin_arm64.zip"
url_api = "https://api.github.com/repos/yagi-agent/yagi/releases/assets/368046190"

[tools."github:yagi-agent/yagi"."platforms.macos-x64"]
checksum = "sha256:2c5a65a083c7b21eea5ca1dcbb26b50eed8d2097dae3715753accaa52a00b786"
url = "https://github.com/yagi-agent/yagi/releases/download/v0.0.44/yagi_v0.0.44_darwin_amd64.zip"
url_api = "https://api.github.com/repos/yagi-agent/yagi/releases/assets/368046173"

[tools."github:yagi-agent/yagi"."platforms.windows-x64"]
checksum = "sha256:2d54a524c0d5678b6390cbc9a80df89095337f327cd97ab84ae71c729f077b2a"
url = "https://github.com/yagi-agent/yagi/releases/download/v0.0.44/yagi_v0.0.44_windows_amd64.zip"
url_api = "https://api.github.com/repos/yagi-agent/yagi/releases/assets/368046189"

[[tools.go]]
version = "1.25.5"
backend = "core:go"

[tools.go."platforms.linux-arm64"]
checksum = "sha256:b00b694903d126c588c378e72d3545549935d3982635ba3f7a964c9fa23fe3b9"
url = "https://dl.google.com/go/go1.25.5.linux-arm64.tar.gz"

[tools.go."platforms.linux-x64"]
checksum = "sha256:9e9b755d63b36acf30c12a9a3fc379243714c1c6d3dd72861da637f336ebb35b"
url = "https://dl.google.com/go/go1.25.5.linux-amd64.tar.gz"

[tools.go."platforms.macos-arm64"]
checksum = "sha256:bed8ebe824e3d3b27e8471d1307f803fc6ab8e1d0eb7a4ae196979bd9b801dd3"
url = "https://dl.google.com/go/go1.25.5.darwin-arm64.tar.gz"

[tools.go."platforms.macos-x64"]
checksum = "sha256:b69d51bce599e5381a94ce15263ae644ec84667a5ce23d58dc2e63e2c12a9f56"
url = "https://dl.google.com/go/go1.25.5.darwin-amd64.tar.gz"

[tools.go."platforms.windows-x64"]
checksum = "sha256:ae756cce1cb80c819b4fe01b0353807178f532211b47f72d7fa77949de054ebb"
url = "https://dl.google.com/go/go1.25.5.windows-amd64.zip"

[[tools.java]]
version = "25.0.1"
backend = "core:java"

[tools.java.options]
shorthand_vendor = "openjdk"

[[tools.node]]
version = "24.12.0"
backend = "core:node"

[tools.node."platforms.linux-arm64"]
checksum = "sha256:9b2a2eeb98a8eb37361224e2a1d060300ad2dd143af58dfdb16de785df0f1228"
url = "https://nodejs.org/dist/v24.12.0/node-v24.12.0-linux-arm64.tar.gz"

[tools.node."platforms.linux-x64"]
checksum = "sha256:6159227e0af7d7c3c6bb2fa900452b04a6cb8841a702a79acc613209d70b04d0"
url = "https://nodejs.org/dist/v24.12.0/node-v24.12.0-linux-x64.tar.gz"

[tools.node."platforms.macos-arm64"]
checksum = "sha256:319f221adc5e44ff0ed57e8a441b2284f02b8dc6fc87b8eb92a6a93643fd8080"
url = "https://nodejs.org/dist/v24.12.0/node-v24.12.0-darwin-arm64.tar.gz"

[tools.node."platforms.macos-x64"]
checksum = "sha256:b82ea4c62fd08e250cab59d625e75d77cc5b0a3d60c6698ebee4545c88a169c5"
url = "https://nodejs.org/dist/v24.12.0/node-v24.12.0-darwin-x64.tar.gz"

[tools.node."platforms.windows-x64"]
checksum = "sha256:9c125f61ae947b52e779095830f9cac267846a043ef7192183c84016aaad2812"
url = "https://nodejs.org/dist/v24.12.0/node-v24.12.0-win-x64.zip"

[[tools.packer]]
version = "1.14.3"
backend = "aqua:hashicorp/packer"

[tools.packer."platforms.linux-arm64"]
checksum = "sha256:42d920291ff495702004eb941b56143dc3efd9b66743fd949b19156422029847"
url = "https://releases.hashicorp.com/packer/1.14.3/packer_1.14.3_linux_arm64.zip"

[tools.packer."platforms.linux-x64"]
checksum = "sha256:95041cc0a30f05d5583be26a7c0b715f488e461418ce0c5d88ba204cb092bef1"
url = "https://releases.hashicorp.com/packer/1.14.3/packer_1.14.3_linux_amd64.zip"

[tools.packer."platforms.macos-arm64"]
checksum = "sha256:e50aec4714a907db4b8fd7c1a8c92075b8dd801cac420fbd98d0d0e1470a68fe"
url = "https://releases.hashicorp.com/packer/1.14.3/packer_1.14.3_darwin_arm64.zip"

[tools.packer."platforms.macos-x64"]
checksum = "sha256:f76d02dd10d4ded95ba9b970254820d1b081e7d5720e122fd815ab01e80eb6d0"
url = "https://releases.hashicorp.com/packer/1.14.3/packer_1.14.3_darwin_amd64.zip"

[tools.packer."platforms.windows-x64"]
checksum = "sha256:6e09e9352e3ed073a3718534c8be49febe1b84dd4fbfeef5d5f219727540f595"
url = "https://releases.hashicorp.com/packer/1.14.3/packer_1.14.3_windows_amd64.zip"

[[tools.perl]]
version = "5.42.0.0"
backend = "aqua:skaji/relocatable-perl"

[tools.perl."platforms.linux-arm64"]
checksum = "sha256:b42778cf3be3da6f32f4f14f418cc463ae8776d7e0b88aabb6fb1a962e8426e6"
url = "https://github.com/skaji/relocatable-perl/releases/download/5.42.0.0/perl-linux-arm64.tar.gz"

[tools.perl."platforms.linux-x64"]
checksum = "sha256:ba16ca53f61b1b862781eb71e71e53a1d5b0e46cf8288516b8d9a6ea84a86890"
url = "https://github.com/skaji/relocatable-perl/releases/download/5.42.0.0/perl-linux-amd64.tar.gz"

[tools.perl."platforms.macos-arm64"]
checksum = "sha256:48086d90a682dce2cf34ee85ba7b21fcc8e8d8d614bb834d641ad002ef407824"
url = "https://github.com/skaji/relocatable-perl/releases/download/5.42.0.0/perl-darwin-arm64.tar.gz"

[tools.perl."platforms.macos-x64"]
checksum = "sha256:2961986169b0c3e79a824d08ddb54d4adb2e1be4f378ea296819534fb61d5218"
url = "https://github.com/skaji/relocatable-perl/releases/download/5.42.0.0/perl-darwin-amd64.tar.gz"

[[tools.python]]
version = "3.14.2"
backend = "core:python"

[[tools.rust]]
version = "1.92.0"
backend = "core:rust"

[[tools.terraform]]
version = "1.14.3"
backend = "aqua:hashicorp/terraform"

[tools.terraform."platforms.linux-arm64"]
checksum = "sha256:fb5b004070e5e438214a74ddca321c22246f799e5cbe1ee9df582528e953f8cc"
url = "https://releases.hashicorp.com/terraform/1.14.3/terraform_1.14.3_linux_arm64.zip"

[tools.terraform."platforms.linux-x64"]
checksum = "sha256:178b2a602251bb68b94732aceca2cc1023d87597cb83dba92cab31b6689edb4d"
url = "https://releases.hashicorp.com/terraform/1.14.3/terraform_1.14.3_linux_amd64.zip"

[tools.terraform."platforms.macos-arm64"]
checksum = "sha256:c45e74c19f38ec7fcb55f74b9788a75a2cbb07da45343b197ae4a41637e571b6"
url = "https://releases.hashicorp.com/terraform/1.14.3/terraform_1.14.3_darwin_arm64.zip"

[tools.terraform."platforms.macos-x64"]
checksum = "sha256:f88d0c3ff98add0e0288bfc1fe59df15e7fb0302bddef6a7367f734ef213cd02"
url = "https://releases.hashicorp.com/terraform/1.14.3/terraform_1.14.3_darwin_amd64.zip"

[tools.terraform."platforms.windows-x64"]
checksum = "sha256:7bdb1dfd8b3960aca08b6cf3e47e64be840582a3b6e396018b22126d517b0434"
url = "https://releases.hashicorp.com/terraform/1.14.3/terraform_1.14.3_windows_amd64.zip"

[[tools.tmux]]
version = "3.6a"
backend = "github:tmux/tmux-builds"

[[tools.watchexec]]
version = "2.3.2"
backend = "aqua:watchexec/watchexec"

[tools.watchexec."platforms.linux-arm64"]
checksum = "sha512:ddbd811740b3ce144b5c7cef1ef817bd497631466c4df48aafd473ec24b10ff85d8f31c2d4a4825ac10165bfa529df806ee3f53519493ae9c62fcbe44a316bfc"
url = "https://github.com/watchexec/watchexec/releases/download/v2.3.2/watchexec-2.3.2-aarch64-unknown-linux-gnu.tar.xz"

[tools.watchexec."platforms.linux-x64"]
checksum = "sha512:cc160b0a66903d55a4afe66c948a619f3149795aa8a40699ecec76164b8cc76fdf9a608caa5bad161f1a6c2d9353cf4e2f804e429020663c34b5aaabfb07fa90"
url = "https://github.com/watchexec/watchexec/releases/download/v2.3.2/watchexec-2.3.2-x86_64-unknown-linux-musl.tar.xz"

[tools.watchexec."platforms.macos-arm64"]
checksum = "sha512:88ea43af48597f7dbfceb1783e131d53aabe920c2b253a1538cc4efeee686f01c1282821ddca5dd56cb490fc7105e4e1be2d55e523f873a980b9a19ea157d523"
url = "https://github.com/watchexec/watchexec/releases/download/v2.3.2/watchexec-2.3.2-aarch64-apple-darwin.tar.xz"

[tools.watchexec."platforms.macos-x64"]
checksum = "sha512:80899b26b9a8cf0fd751368d38ba33e79e2fddddf0208e73ddc207f5a199466667113a62d495359e366b0ae90e3e7733cb238ad0450d5ac4653f281cb377b21d"
url = "https://github.com/watchexec/watchexec/releases/download/v2.3.2/watchexec-2.3.2-x86_64-apple-darwin.tar.xz"

[tools.watchexec."platforms.windows-x64"]
checksum = "sha512:427b96192a49614ef4a70c298ad3f0ba601578f35352823cbeb62519823fcd40b4734d6651163c6cf9b34e481fbb53305ceb20795dc27b4062c51340a5c79351"
url = "https://github.com/watchexec/watchexec/releases/download/v2.3.2/watchexec-2.3.2-x86_64-pc-windows-msvc.zip"

[[tools.zellij]]
version = "0.43.1"
backend = "aqua:zellij-org/zellij"

[tools.zellij."platforms.linux-arm64"]
checksum = "sha256:32321ad5f61c2c62d156162d1df95dc823666f84e4a0d7cd79b0fef02930b165"
url = "https://github.com/zellij-org/zellij/releases/download/v0.43.1/zellij-aarch64-unknown-linux-musl.tar.gz"

[tools.zellij."platforms.linux-x64"]
checksum = "sha256:541d98efef5558293ef85ad9acd29e4d920b6e881513b9e77255d8207020d75a"
url = "https://github.com/zellij-org/zellij/releases/download/v0.43.1/zellij-x86_64-unknown-linux-musl.tar.gz"

[tools.zellij."platforms.macos-arm64"]
checksum = "sha256:a09ea51f3d98427253de2b889bb04f1aa0850fbb034911c7a01b8f0194edba66"
url = "https://github.com/zellij-org/zellij/releases/download/v0.43.1/zellij-aarch64-apple-darwin.tar.gz"

[tools.zellij."platforms.macos-x64"]
checksum = "sha256:7b0c1a9c2591eadf506ec58d62ef5f6d9c93d089a3603142af3dcca5fa575d44"
url = "https://github.com/zellij-org/zellij/releases/download/v0.43.1/zellij-x86_64-apple-darwin.tar.gz"
